// !$*UTF8*$!
{
	archiveVersion = 1;
	classes = {
	};
	objectVersion = 46;
	objects = {

/* Begin PBXBuildFile section */
		9C16ECDD1B376835002D18EB /* AppDelegate.swift in Sources */ = {isa = PBXBuildFile; fileRef = 9C16ECDC1B376835002D18EB /* AppDelegate.swift */; };
		9C16ECE71B376835002D18EB /* LaunchScreen.storyboard in Resources */ = {isa = PBXBuildFile; fileRef = 9C16ECE51B376835002D18EB /* LaunchScreen.storyboard */; };
		9C16ECF11B37686F002D18EB /* TableViewController.swift in Sources */ = {isa = PBXBuildFile; fileRef = 9C16ECF01B37686F002D18EB /* TableViewController.swift */; };
		9C16ECF51B378CA0002D18EB /* TestTableViewCell.swift in Sources */ = {isa = PBXBuildFile; fileRef = 9C16ECF41B378CA0002D18EB /* TestTableViewCell.swift */; };
/* End PBXBuildFile section */

/* Begin PBXFileReference section */
		9C16ECD91B376835002D18EB /* TestProject.app */ = {isa = PBXFileReference; explicitFileType = wrapper.application; includeInIndex = 0; path = TestProject.app; sourceTree = BUILT_PRODUCTS_DIR; };
		9C16ECDC1B376835002D18EB /* AppDelegate.swift */ = {isa = PBXFileReference; lastKnownFileType = sourcecode.swift; path = AppDelegate.swift; sourceTree = "<group>"; };
		9C16ECE61B376835002D18EB /* Base */ = {isa = PBXFileReference; lastKnownFileType = file.storyboard; name = Base; path = Base.lproj/LaunchScreen.storyboard; sourceTree = "<group>"; };
		9C16ECE81B376835002D18EB /* Info.plist */ = {isa = PBXFileReference; lastKnownFileType = text.plist.xml; path = Info.plist; sourceTree = "<group>"; };
		9C16ECF01B37686F002D18EB /* TableViewController.swift */ = {isa = PBXFileReference; fileEncoding = 4; lastKnownFileType = sourcecode.swift; name = TableViewController.swift; path = ../TableViewController.swift; sourceTree = "<group>"; };
		9C16ECF41B378CA0002D18EB /* TestTableViewCell.swift */ = {isa = PBXFileReference; fileEncoding = 4; lastKnownFileType = sourcecode.swift; path = TestTableViewCell.swift; sourceTree = "<group>"; };
/* End PBXFileReference section */

/* Begin PBXFrameworksBuildPhase section */
		9C16ECD61B376835002D18EB /* Frameworks */ = {
			isa = PBXFrameworksBuildPhase;
			buildActionMask = 2147483647;
			files = (
			);
			runOnlyForDeploymentPostprocessing = 0;
		};
/* End PBXFrameworksBuildPhase section */

/* Begin PBXGroup section */
		9C16ECD01B376835002D18EB = {
			isa = PBXGroup;
			children = (
				9C16ECDB1B376835002D18EB /* TestProject */,
				9C16ECDA1B376835002D18EB /* Products */,
			);
			sourceTree = "<group>";
		};
		9C16ECDA1B376835002D18EB /* Products */ = {
			isa = PBXGroup;
			children = (
				9C16ECD91B376835002D18EB /* TestProject.app */,
			);
			name = Products;
			sourceTree = "<group>";
		};
		9C16ECDB1B376835002D18EB /* TestProject */ = {
			isa = PBXGroup;
			children = (
				9C16ECF01B37686F002D18EB /* TableViewController.swift */,
				9C16ECF41B378CA0002D18EB /* TestTableViewCell.swift */,
				9C16ECDC1B376835002D18EB /* AppDelegate.swift */,
				9C16ECE51B376835002D18EB /* LaunchScreen.storyboard */,
				9C16ECE81B376835002D18EB /* Info.plist */,
			);
			path = TestProject;
			sourceTree = "<group>";
		};
/* End PBXGroup section */

/* Begin PBXNativeTarget section */
		9C16ECD81B376835002D18EB /* TestProject */ = {
			isa = PBXNativeTarget;
			buildConfigurationList = 9C16ECEB1B376835002D18EB /* Build configuration list for PBXNativeTarget "TestProject" */;
			buildPhases = (
				9C16ECD51B376835002D18EB /* Sources */,
				9C16ECD61B376835002D18EB /* Frameworks */,
				9C16ECD71B376835002D18EB /* Resources */,
			);
			buildRules = (
			);
			dependencies = (
			);
			name = TestProject;
			productName = TestProject;
			productReference = 9C16ECD91B376835002D18EB /* TestProject.app */;
			productType = "com.apple.product-type.application";
		};
/* End PBXNativeTarget section */

/* Begin PBXProject section */
		9C16ECD11B376835002D18EB /* Project object */ = {
			isa = PBXProject;
			attributes = {
				LastUpgradeCheck = 0700;
				ORGANIZATIONNAME = "Kevin Clark";
				TargetAttributes = {
					9C16ECD81B376835002D18EB = {
						CreatedOnToolsVersion = 7.0;
					};
				};
			};
			buildConfigurationList = 9C16ECD41B376835002D18EB /* Build configuration list for PBXProject "TestProject" */;
			compatibilityVersion = "Xcode 3.2";
			developmentRegion = English;
			hasScannedForEncodings = 0;
			knownRegions = (
				en,
				Base,
			);
			mainGroup = 9C16ECD01B376835002D18EB;
			productRefGroup = 9C16ECDA1B376835002D18EB /* Products */;
			projectDirPath = "";
			projectRoot = "";
			targets = (
				9C16ECD81B376835002D18EB /* TestProject */,
			);
		};
/* End PBXProject section */

/* Begin PBXResourcesBuildPhase section */
		9C16ECD71B376835002D18EB /* Resources */ = {
			isa = PBXResourcesBuildPhase;
			buildActionMask = 2147483647;
			files = (
				9C16ECE71B376835002D18EB /* LaunchScreen.storyboard in Resources */,
			);
			runOnlyForDeploymentPostprocessing = 0;
		};
/* End PBXResourcesBuildPhase section */

/* Begin PBXSourcesBuildPhase section */
		9C16ECD51B376835002D18EB /* Sources */ = {
			isa = PBXSourcesBuildPhase;
			buildActionMask = 2147483647;
			files = (
				9C16ECF51B378CA0002D18EB /* TestTableViewCell.swift in Sources */,
				9C16ECF11B37686F002D18EB /* TableViewController.swift in Sources */,
				9C16ECDD1B376835002D18EB /* AppDelegate.swift in Sources */,
			);
			runOnlyForDeploymentPostprocessing = 0;
		};
/* End PBXSourcesBuildPhase section */

/* Begin PBXVariantGroup section */
		9C16ECE51B376835002D18EB /* LaunchScreen.storyboard */ = {
			isa = PBXVariantGroup;
			children = (
				9C16ECE61B376835002D18EB /* Base */,
			);
			name = LaunchScreen.storyboard;
			sourceTree = "<group>";
		};
/* End PBXVariantGroup section */

/* Begin XCBuildConfiguration section */
		9C16ECE91B376835002D18EB /* Debug */ = {
			isa = XCBuildConfiguration;
			buildSettings = {
				ALWAYS_SEARCH_USER_PATHS = NO;
				CLANG_CXX_LANGUAGE_STANDARD = "gnu++0x";
				CLANG_CXX_LIBRARY = "libc++";
				CLANG_ENABLE_MODULES = YES;
				CLANG_ENABLE_OBJC_ARC = YES;
				CLANG_WARN_BOOL_CONVERSION = YES;
				CLANG_WARN_CONSTANT_CONVERSION = YES;
				CLANG_WARN_DIRECT_OBJC_ISA_USAGE = YES_ERROR;
				CLANG_WARN_EMPTY_BODY = YES;
				CLANG_WARN_ENUM_CONVERSION = YES;
				CLANG_WARN_INT_CONVERSION = YES;
				CLANG_WARN_OBJC_ROOT_CLASS = YES_ERROR;
				CLANG_WARN_UNREACHABLE_CODE = YES;
				CLANG_WARN__DUPLICATE_METHOD_MATCH = YES;
				"CODE_SIGN_IDENTITY[sdk=iphoneos*]" = "iPhone Developer";
				COPY_PHASE_STRIP = NO;
				DEBUG_INFORMATION_FORMAT = dwarf;
				ENABLE_STRICT_OBJC_MSGSEND = YES;
				ENABLE_TESTABILITY = YES;
				GCC_C_LANGUAGE_STANDARD = gnu99;
				GCC_DYNAMIC_NO_PIC = NO;
				GCC_NO_COMMON_BLOCKS = YES;
				GCC_OPTIMIZATION_LEVEL = 0;
				GCC_PREPROCESSOR_DEFINITIONS = (
					"DEBUG=1",
					"$(inherited)",
				);
				GCC_WARN_64_TO_32_BIT_CONVERSION = YES;
				GCC_WARN_ABOUT_RETURN_TYPE = YES_ERROR;
				GCC_WARN_UNDECLARED_SELECTOR = YES;
				GCC_WARN_UNINITIALIZED_AUTOS = YES_AGGRESSIVE;
				GCC_WARN_UNUSED_FUNCTION = YES;
				GCC_WARN_UNUSED_VARIABLE = YES;
				IPHONEOS_DEPLOYMENT_TARGET = 9.0;
				MTL_ENABLE_DEBUG_INFO = YES;
				ONLY_ACTIVE_ARCH = YES;
				SDKROOT = iphoneos;
				SWIFT_OPTIMIZATION_LEVEL = "-Onone";
				TARGETED_DEVICE_FAMILY = "1,2";
			};
			name = Debug;
		};
		9C16ECEA1B376835002D18EB /* Release */ = {
			isa = XCBuildConfiguration;
			buildSettings = {
				ALWAYS_SEARCH_USER_PATHS = NO;
				CLANG_CXX_LANGUAGE_STANDARD = "gnu++0x";
				CLANG_CXX_LIBRARY = "libc++";
				CLANG_ENABLE_MODULES = YES;
				CLANG_ENABLE_OBJC_ARC = YES;
				CLANG_WARN_BOOL_CONVERSION = YES;
				CLANG_WARN_CONSTANT_CONVERSION = YES;
				CLANG_WARN_DIRECT_OBJC_ISA_USAGE = YES_ERROR;
				CLANG_WARN_EMPTY_BODY = YES;
				CLANG_WARN_ENUM_CONVERSION = YES;
				CLANG_WARN_INT_CONVERSION = YES;
				CLANG_WARN_OBJC_ROOT_CLASS = YES_ERROR;
				CLANG_WARN_UNREACHABLE_CODE = YES;
				CLANG_WARN__DUPLICATE_METHOD_MATCH = YES;
				"CODE_SIGN_IDENTITY[sdk=iphoneos*]" = "iPhone Developer";
				COPY_PHASE_STRIP = NO;
				DEBUG_INFORMATION_FORMAT = "dwarf-with-dsym";
				ENABLE_NS_ASSERTIONS = NO;
				ENABLE_STRICT_OBJC_MSGSEND = YES;
				GCC_C_LANGUAGE_STANDARD = gnu99;
				GCC_NO_COMMON_BLOCKS = YES;
				GCC_WARN_64_TO_32_BIT_CONVERSION = YES;
				GCC_WARN_ABOUT_RETURN_TYPE = YES_ERROR;
				GCC_WARN_UNDECLARED_SELECTOR = YES;
				GCC_WARN_UNINITIALIZED_AUTOS = YES_AGGRESSIVE;
				GCC_WARN_UNUSED_FUNCTION = YES;
				GCC_WARN_UNUSED_VARIABLE = YES;
				IPHONEOS_DEPLOYMENT_TARGET = 9.0;
				MTL_ENABLE_DEBUG_INFO = NO;
				SDKROOT = iphoneos;
				TARGETED_DEVICE_FAMILY = "1,2";
				VALIDATE_PRODUCT = YES;
			};
			name = Release;
		};
		9C16ECEC1B376835002D18EB /* Debug */ = {
			isa = XCBuildConfiguration;
			buildSettings = {
				ASSETCATALOG_COMPILER_APPICON_NAME = AppIcon;
				INFOPLIST_FILE = TestProject/Info.plist;
				LD_RUNPATH_SEARCH_PATHS = "$(inherited) @executable_path/Frameworks";
				PRODUCT_BUNDLE_IDENTIFIER = com.kevinclark.TestProject;
				PRODUCT_NAME = "$(TARGET_NAME)";
			};
			name = Debug;
		};
		9C16ECED1B376835002D18EB /* Release */ = {
			isa = XCBuildConfiguration;
			buildSettings = {
				ASSETCATALOG_COMPILER_APPICON_NAME = AppIcon;
				INFOPLIST_FILE = TestProject/Info.plist;
				LD_RUNPATH_SEARCH_PATHS = "$(inherited) @executable_path/Frameworks";
				PRODUCT_BUNDLE_IDENTIFIER = com.kevinclark.TestProject;
				PRODUCT_NAME = "$(TARGET_NAME)";
			};
			name = Release;
		};
/* End XCBuildConfiguration section */

/* Begin XCConfigurationList section */
		9C16ECD41B376835002D18EB /* Build configuration list for PBXProject "TestProject" */ = {
			isa = XCConfigurationList;
			buildConfigurations = (
				9C16ECE91B376835002D18EB /* Debug */,
				9C16ECEA1B376835002D18EB /* Release */,
			);
			defaultConfigurationIsVisible = 0;
			defaultConfigurationName = Release;
		};
		9C16ECEB1B376835002D18EB /* Build configuration list for PBXNativeTarget "TestProject" */ = {
			isa = XCConfigurationList;
			buildConfigurations = (
				9C16ECEC1B376835002D18EB /* Debug */,
				9C16ECED1B376835002D18EB /* Release */,
			);
			defaultConfigurationIsVisible = 0;
		};
/* End XCConfigurationList section */
	};
	rootObject = 9C16ECD11B376835002D18EB /* Project object */;
}
